
Microsoft Visual Studio Solution File, Format Version 12.00
# Visual Studio Version 17
VisualStudioVersion = 17.13.35806.99
MinimumVisualStudioVersion = 10.0.40219.1
Project("{FAE04EC0-301F-11D3-BF4B-00C04F79EFBC}") = "TyreManagement.API", "TyreManagement.API\TyreManagement.API.csproj", "{44CADD1B-69B0-40DB-A855-5C8F0ADD16C1}"
EndProject
Project("{FAE04EC0-301F-11D3-BF4B-00C04F79EFBC}") = "TyreManagement.Persistence", "TyreManagement.Persistence\TyreManagement.Persistence.csproj", "{A8B5F7E8-CC4A-413B-B1CA-62FEFC3DBCD9}"
EndProject
Project("{FAE04EC0-301F-11D3-BF4B-00C04F79EFBC}") = "TyreManagement.Core", "TyreManagement.Core\TyreManagement.Core.csproj", "{3C7E769E-CD64-481B-818C-5D50DAD16656}"
EndProject
Project("{FAE04EC0-301F-11D3-BF4B-00C04F79EFBC}") = "TyreManagement.UnitTests", "TyreManagement.UnitTests\TyreManagement.UnitTests.csproj", "{2723BC1A-1F1E-AA74-9E2A-99D48A4F1DC9}"
EndProject
Project("{FAE04EC0-301F-11D3-BF4B-00C04F79EFBC}") = "TyreManagement.IntegrationTests", "TyreManagement.IntegrationTests\TyreManagement.IntegrationTests.csproj", "{8EB7B37E-0B49-4A10-ACB7-535FCF7CAB31}"
EndProject
Global
	GlobalSection(SolutionConfigurationPlatforms) = preSolution
		Debug|Any CPU = Debug|Any CPU
		Release|Any CPU = Release|Any CPU
	EndGlobalSection
	GlobalSection(ProjectConfigurationPlatforms) = postSolution
		{44CADD1B-69B0-40DB-A855-5C8F0ADD16C1}.Debug|Any CPU.ActiveCfg = Debug|Any CPU
		{44CADD1B-69B0-40DB-A855-5C8F0ADD16C1}.Debug|Any CPU.Build.0 = Debug|Any CPU
		{44CADD1B-69B0-40DB-A855-5C8F0ADD16C1}.Release|Any CPU.ActiveCfg = Release|Any CPU
		{44CADD1B-69B0-40DB-A855-5C8F0ADD16C1}.Release|Any CPU.Build.0 = Release|Any CPU
		{A8B5F7E8-CC4A-413B-B1CA-62FEFC3DBCD9}.Debug|Any CPU.ActiveCfg = Debug|Any CPU
		{A8B5F7E8-CC4A-413B-B1CA-62FEFC3DBCD9}.Debug|Any CPU.Build.0 = Debug|Any CPU
		{A8B5F7E8-CC4A-413B-B1CA-62FEFC3DBCD9}.Release|Any CPU.ActiveCfg = Release|Any CPU
		{A8B5F7E8-CC4A-413B-B1CA-62FEFC3DBCD9}.Release|Any CPU.Build.0 = Release|Any CPU
		{3C7E769E-CD64-481B-818C-5D50DAD16656}.Debug|Any CPU.ActiveCfg = Debug|Any CPU
		{3C7E769E-CD64-481B-818C-5D50DAD16656}.Debug|Any CPU.Build.0 = Debug|Any CPU
		{3C7E769E-CD64-481B-818C-5D50DAD16656}.Release|Any CPU.ActiveCfg = Release|Any CPU
		{3C7E769E-CD64-481B-818C-5D50DAD16656}.Release|Any CPU.Build.0 = Release|Any CPU
		{2723BC1A-1F1E-AA74-9E2A-99D48A4F1DC9}.Debug|Any CPU.ActiveCfg = Debug|Any CPU
		{2723BC1A-1F1E-AA74-9E2A-99D48A4F1DC9}.Debug|Any CPU.Build.0 = Debug|Any CPU
		{2723BC1A-1F1E-AA74-9E2A-99D48A4F1DC9}.Release|Any CPU.ActiveCfg = Release|Any CPU
		{2723BC1A-1F1E-AA74-9E2A-99D48A4F1DC9}.Release|Any CPU.Build.0 = Release|Any CPU
		{8EB7B37E-0B49-4A10-ACB7-535FCF7CAB31}.Debug|Any CPU.ActiveCfg = Debug|Any CPU
		{8EB7B37E-0B49-4A10-ACB7-535FCF7CAB31}.Debug|Any CPU.Build.0 = Debug|Any CPU
		{8EB7B37E-0B49-4A10-ACB7-535FCF7CAB31}.Release|Any CPU.ActiveCfg = Release|Any CPU
		{8EB7B37E-0B49-4A10-ACB7-535FCF7CAB31}.Release|Any CPU.Build.0 = Release|Any CPU
	EndGlobalSection
	GlobalSection(SolutionProperties) = preSolution
		HideSolutionNode = FALSE
	EndGlobalSection
	GlobalSection(ExtensibilityGlobals) = postSolution
		SolutionGuid = {FA87E999-F40D-442D-B88E-61E6E654412F}
	EndGlobalSection
EndGlobal
